
Microsoft Visual Studio Solution File, Format Version 12.00
# Visual Studio Version 16
VisualStudioVersion = 16.0.31702.278
MinimumVisualStudioVersion = 10.0.40219.1
Project("{FAE04EC0-301F-11D3-BF4B-00C04F79EFBC}") = "ForConsole1", "ForConsole1\ForConsole1.csproj", "{5FDE919A-EFFC-4E61-B6A0-72B634A13BF8}"
EndProject
Project("{FAE04EC0-301F-11D3-BF4B-00C04F79EFBC}") = "ForConsole2", "ForConsole2\ForConsole2.csproj", "{406A2549-7F04-4801-9459-DBC476C23A9E}"
EndProject
Project("{FAE04EC0-301F-11D3-BF4B-00C04F79EFBC}") = "ForConsole3", "ForConsole3\ForConsole3.csproj", "{A6ABFFC1-0651-4AF3-808F-AAB11CA204EB}"
EndProject
Project("{FAE04EC0-301F-11D3-BF4B-00C04F79EFBC}") = "ForConsole4", "ForConsole4\ForConsole4.csproj", "{A590F83A-0967-4F65-9F3F-2AA638D90270}"
EndProject
Project("{FAE04EC0-301F-11D3-BF4B-00C04F79EFBC}") = "WhileConsole1", "WhileConsole1\WhileConsole1.csproj", "{BD70BA37-6423-416B-A488-9D16686F27A5}"
EndProject
Project("{FAE04EC0-301F-11D3-BF4B-00C04F79EFBC}") = "WhileConsole2", "WhileConsole2\WhileConsole2.csproj", "{C0F26202-6F15-4200-BAEA-810A737BBEED}"
EndProject
Project("{FAE04EC0-301F-11D3-BF4B-00C04F79EFBC}") = "WhileConsole3", "WhileConsole3\WhileConsole3.csproj", "{91FE7F29-164A-4D22-90B0-C1627EE5332B}"
EndProject
Project("{FAE04EC0-301F-11D3-BF4B-00C04F79EFBC}") = "DoWhileConsole1", "DoWhileConsole1\DoWhileConsole1.csproj", "{6A7D1ECD-B938-4AB6-A8AD-053078AE3FC3}"
EndProject
Global
	GlobalSection(SolutionConfigurationPlatforms) = preSolution
		Debug|Any CPU = Debug|Any CPU
		Release|Any CPU = Release|Any CPU
	EndGlobalSection
	GlobalSection(ProjectConfigurationPlatforms) = postSolution
		{5FDE919A-EFFC-4E61-B6A0-72B634A13BF8}.Debug|Any CPU.ActiveCfg = Debug|Any CPU
		{5FDE919A-EFFC-4E61-B6A0-72B634A13BF8}.Debug|Any CPU.Build.0 = Debug|Any CPU
		{5FDE919A-EFFC-4E61-B6A0-72B634A13BF8}.Release|Any CPU.ActiveCfg = Release|Any CPU
		{5FDE919A-EFFC-4E61-B6A0-72B634A13BF8}.Release|Any CPU.Build.0 = Release|Any CPU
		{406A2549-7F04-4801-9459-DBC476C23A9E}.Debug|Any CPU.ActiveCfg = Debug|Any CPU
		{406A2549-7F04-4801-9459-DBC476C23A9E}.Debug|Any CPU.Build.0 = Debug|Any CPU
		{406A2549-7F04-4801-9459-DBC476C23A9E}.Release|Any CPU.ActiveCfg = Release|Any CPU
		{406A2549-7F04-4801-9459-DBC476C23A9E}.Release|Any CPU.Build.0 = Release|Any CPU
		{A6ABFFC1-0651-4AF3-808F-AAB11CA204EB}.Debug|Any CPU.ActiveCfg = Debug|Any CPU
		{A6ABFFC1-0651-4AF3-808F-AAB11CA204EB}.Debug|Any CPU.Build.0 = Debug|Any CPU
		{A6ABFFC1-0651-4AF3-808F-AAB11CA204EB}.Release|Any CPU.ActiveCfg = Release|Any CPU
		{A6ABFFC1-0651-4AF3-808F-AAB11CA204EB}.Release|Any CPU.Build.0 = Release|Any CPU
		{A590F83A-0967-4F65-9F3F-2AA638D90270}.Debug|Any CPU.ActiveCfg = Debug|Any CPU
		{A590F83A-0967-4F65-9F3F-2AA638D90270}.Debug|Any CPU.Build.0 = Debug|Any CPU
		{A590F83A-0967-4F65-9F3F-2AA638D90270}.Release|Any CPU.ActiveCfg = Release|Any CPU
		{A590F83A-0967-4F65-9F3F-2AA638D90270}.Release|Any CPU.Build.0 = Release|Any CPU
		{BD70BA37-6423-416B-A488-9D16686F27A5}.Debug|Any CPU.ActiveCfg = Debug|Any CPU
		{BD70BA37-6423-416B-A488-9D16686F27A5}.Debug|Any CPU.Build.0 = Debug|Any CPU
		{BD70BA37-6423-416B-A488-9D16686F27A5}.Release|Any CPU.ActiveCfg = Release|Any CPU
		{BD70BA37-6423-416B-A488-9D16686F27A5}.Release|Any CPU.Build.0 = Release|Any CPU
		{C0F26202-6F15-4200-BAEA-810A737BBEED}.Debug|Any CPU.ActiveCfg = Debug|Any CPU
		{C0F26202-6F15-4200-BAEA-810A737BBEED}.Debug|Any CPU.Build.0 = Debug|Any CPU
		{C0F26202-6F15-4200-BAEA-810A737BBEED}.Release|Any CPU.ActiveCfg = Release|Any CPU
		{C0F26202-6F15-4200-BAEA-810A737BBEED}.Release|Any CPU.Build.0 = Release|Any CPU
		{91FE7F29-164A-4D22-90B0-C1627EE5332B}.Debug|Any CPU.ActiveCfg = Debug|Any CPU
		{91FE7F29-164A-4D22-90B0-C1627EE5332B}.Debug|Any CPU.Build.0 = Debug|Any CPU
		{91FE7F29-164A-4D22-90B0-C1627EE5332B}.Release|Any CPU.ActiveCfg = Release|Any CPU
		{91FE7F29-164A-4D22-90B0-C1627EE5332B}.Release|Any CPU.Build.0 = Release|Any CPU
		{6A7D1ECD-B938-4AB6-A8AD-053078AE3FC3}.Debug|Any CPU.ActiveCfg = Debug|Any CPU
		{6A7D1ECD-B938-4AB6-A8AD-053078AE3FC3}.Debug|Any CPU.Build.0 = Debug|Any CPU
		{6A7D1ECD-B938-4AB6-A8AD-053078AE3FC3}.Release|Any CPU.ActiveCfg = Release|Any CPU
		{6A7D1ECD-B938-4AB6-A8AD-053078AE3FC3}.Release|Any CPU.Build.0 = Release|Any CPU
	EndGlobalSection
	GlobalSection(SolutionProperties) = preSolution
		HideSolutionNode = FALSE
	EndGlobalSection
	GlobalSection(ExtensibilityGlobals) = postSolution
		SolutionGuid = {ADAF6DE4-7BEC-4CCA-997B-3CF460ED0B34}
	EndGlobalSection
EndGlobal
